
Microsoft Visual Studio Solution File, Format Version 12.00
# Visual Studio Version 17
VisualStudioVersion = 17.0.31903.59
MinimumVisualStudioVersion = 10.0.40219.1
Project("{9A19103F-16F7-4668-BE54-9A1E7A4F7556}") = "MB.Domain", "MB.Domain\MB.Domain.csproj", "{60DBE8E7-C29C-480B-811F-D4333D6AD63A}"
EndProject
Project("{9A19103F-16F7-4668-BE54-9A1E7A4F7556}") = "MB.Application.Contracts", "MB.Application.Contracts\MB.Application.Contracts.csproj", "{D6602441-4F25-4158-9FD6-1D5629C28C29}"
EndProject
Project("{9A19103F-16F7-4668-BE54-9A1E7A4F7556}") = "MB.Application", "MB.Application\MB.Application.csproj", "{EF8CA878-4B1A-4561-976A-A33C784667F8}"
EndProject
Project("{9A19103F-16F7-4668-BE54-9A1E7A4F7556}") = "MB.Infrastructure.EFCore", "MB.Infrastructure.EFCore\MB.Infrastructure.EFCore.csproj", "{1A586F13-46F0-40C1-8C47-8092534E8ADD}"
EndProject
Project("{9A19103F-16F7-4668-BE54-9A1E7A4F7556}") = "MB.Presentation.MVCCore", "MB.Presentation.MVCCore\MB.Presentation.MVCCore.csproj", "{B75D5380-33FE-4FF8-97DF-A42522F54E3F}"
EndProject
Project("{9A19103F-16F7-4668-BE54-9A1E7A4F7556}") = "MB.Infrastructure.Core", "MB.Infrastructure.Core\MB.Infrastructure.Core.csproj", "{CD4813C3-36F9-4CBD-A893-DBFFA3AAEBDD}"
EndProject
Project("{9A19103F-16F7-4668-BE54-9A1E7A4F7556}") = "MB.Infrastructure.Query", "MB.Infrastructure.Query\MB.Infrastructure.Query.csproj", "{71C124B1-165C-44C7-AC4C-907685E9825F}"
EndProject
Global
	GlobalSection(SolutionConfigurationPlatforms) = preSolution
		Debug|Any CPU = Debug|Any CPU
		Release|Any CPU = Release|Any CPU
	EndGlobalSection
	GlobalSection(ProjectConfigurationPlatforms) = postSolution
		{60DBE8E7-C29C-480B-811F-D4333D6AD63A}.Debug|Any CPU.ActiveCfg = Debug|Any CPU
		{60DBE8E7-C29C-480B-811F-D4333D6AD63A}.Debug|Any CPU.Build.0 = Debug|Any CPU
		{60DBE8E7-C29C-480B-811F-D4333D6AD63A}.Release|Any CPU.ActiveCfg = Release|Any CPU
		{60DBE8E7-C29C-480B-811F-D4333D6AD63A}.Release|Any CPU.Build.0 = Release|Any CPU
		{D6602441-4F25-4158-9FD6-1D5629C28C29}.Debug|Any CPU.ActiveCfg = Debug|Any CPU
		{D6602441-4F25-4158-9FD6-1D5629C28C29}.Debug|Any CPU.Build.0 = Debug|Any CPU
		{D6602441-4F25-4158-9FD6-1D5629C28C29}.Release|Any CPU.ActiveCfg = Release|Any CPU
		{D6602441-4F25-4158-9FD6-1D5629C28C29}.Release|Any CPU.Build.0 = Release|Any CPU
		{EF8CA878-4B1A-4561-976A-A33C784667F8}.Debug|Any CPU.ActiveCfg = Debug|Any CPU
		{EF8CA878-4B1A-4561-976A-A33C784667F8}.Debug|Any CPU.Build.0 = Debug|Any CPU
		{EF8CA878-4B1A-4561-976A-A33C784667F8}.Release|Any CPU.ActiveCfg = Release|Any CPU
		{EF8CA878-4B1A-4561-976A-A33C784667F8}.Release|Any CPU.Build.0 = Release|Any CPU
		{1A586F13-46F0-40C1-8C47-8092534E8ADD}.Debug|Any CPU.ActiveCfg = Debug|Any CPU
		{1A586F13-46F0-40C1-8C47-8092534E8ADD}.Debug|Any CPU.Build.0 = Debug|Any CPU
		{1A586F13-46F0-40C1-8C47-8092534E8ADD}.Release|Any CPU.ActiveCfg = Release|Any CPU
		{1A586F13-46F0-40C1-8C47-8092534E8ADD}.Release|Any CPU.Build.0 = Release|Any CPU
		{B75D5380-33FE-4FF8-97DF-A42522F54E3F}.Debug|Any CPU.ActiveCfg = Debug|Any CPU
		{B75D5380-33FE-4FF8-97DF-A42522F54E3F}.Debug|Any CPU.Build.0 = Debug|Any CPU
		{B75D5380-33FE-4FF8-97DF-A42522F54E3F}.Release|Any CPU.ActiveCfg = Release|Any CPU
		{B75D5380-33FE-4FF8-97DF-A42522F54E3F}.Release|Any CPU.Build.0 = Release|Any CPU
		{CD4813C3-36F9-4CBD-A893-DBFFA3AAEBDD}.Debug|Any CPU.ActiveCfg = Debug|Any CPU
		{CD4813C3-36F9-4CBD-A893-DBFFA3AAEBDD}.Debug|Any CPU.Build.0 = Debug|Any CPU
		{CD4813C3-36F9-4CBD-A893-DBFFA3AAEBDD}.Release|Any CPU.ActiveCfg = Release|Any CPU
		{CD4813C3-36F9-4CBD-A893-DBFFA3AAEBDD}.Release|Any CPU.Build.0 = Release|Any CPU
		{71C124B1-165C-44C7-AC4C-907685E9825F}.Debug|Any CPU.ActiveCfg = Debug|Any CPU
		{71C124B1-165C-44C7-AC4C-907685E9825F}.Debug|Any CPU.Build.0 = Debug|Any CPU
		{71C124B1-165C-44C7-AC4C-907685E9825F}.Release|Any CPU.ActiveCfg = Release|Any CPU
		{71C124B1-165C-44C7-AC4C-907685E9825F}.Release|Any CPU.Build.0 = Release|Any CPU
	EndGlobalSection
	GlobalSection(SolutionProperties) = preSolution
		HideSolutionNode = FALSE
	EndGlobalSection
	GlobalSection(ExtensibilityGlobals) = postSolution
		SolutionGuid = {A441792C-F3D3-4A8D-90AC-97007D5351F7}
	EndGlobalSection
EndGlobal
